
Microsoft Visual Studio Solution File, Format Version 12.00
# Visual Studio 15
VisualStudioVersion = 15.0.27428.2037
MinimumVisualStudioVersion = 10.0.40219.1
Project("{FAE04EC0-301F-11D3-BF4B-00C04F79EFBC}") = "Skybrud.Umbraco.GridData.Dtge", "Skybrud.Umbraco.GridData.Dtge\Skybrud.Umbraco.GridData.Dtge.csproj", "{8C0D2CAC-EF6E-4FA8-A7D2-FE1F0D225B1C}"
EndProject
Global
	GlobalSection(SolutionConfigurationPlatforms) = preSolution
		Debug|Any CPU = Debug|Any CPU
		Release|Any CPU = Release|Any CPU
	EndGlobalSection
	GlobalSection(ProjectConfigurationPlatforms) = postSolution
		{8C0D2CAC-EF6E-4FA8-A7D2-FE1F0D225B1C}.Debug|Any CPU.ActiveCfg = Debug|Any CPU
		{8C0D2CAC-EF6E-4FA8-A7D2-FE1F0D225B1C}.Debug|Any CPU.Build.0 = Debug|Any CPU
		{8C0D2CAC-EF6E-4FA8-A7D2-FE1F0D225B1C}.Release|Any CPU.ActiveCfg = Release|Any CPU
		{8C0D2CAC-EF6E-4FA8-A7D2-FE1F0D225B1C}.Release|Any CPU.Build.0 = Release|Any CPU
	EndGlobalSection
	GlobalSection(SolutionProperties) = preSolution
		HideSolutionNode = FALSE
	EndGlobalSection
	GlobalSection(ExtensibilityGlobals) = postSolution
		SolutionGuid = {7FD67DFD-0D39-4F8F-9401-51F9D390A8F0}
	EndGlobalSection
EndGlobal
